PODS:
  - Alamofire (4.8.0)
  - AlamofireImage (3.5.2):
    - Alamofire (~> 4.8)
  - CVCalendar (1.6.2)
  - DNSPageView (1.0.1)
  - FSPagerView (0.8.2)
  - HandyJSON (5.0.0-beta.1)
  - Kingfisher (4.7.0)
  - LTScrollView (0.2.1)
  - MBProgressHUD (1.1.0)
  - MJRefresh (3.1.15.7)
  - Moya (12.0.1):
    - Moya/Core (= 12.0.1)
  - Moya/Core (12.0.1):
    - Alamofire (~> 4.1)
    - Result (~> 4.0)
  - Result (4.0.0)
  - SnapKit (4.0.0)
  - StreamingKit (0.1.30)
  - SwiftyJSON (4.1.0)

DEPENDENCIES:
  - Alamofire (~> 4.8.0)
  - AlamofireImage
  - CVCalendar
  - DNSPageView
  - FSPagerView
  - HandyJSON (= 5.0.0-beta.1)
  - Kingfisher
  - LTScrollView
  - MBProgressHUD
  - MJRefresh
  - Moya
  - SnapKit
  - StreamingKit
  - SwiftyJSON

SPEC REPOS:
  https://github.com/cocoapods/specs.git:
    - Alamofire
    - AlamofireImage
    - CVCalendar
    - DNSPageView
    - FSPagerView
    - HandyJSON
    - Kingfisher
    - LTScrollView
    - MBProgressHUD
    - MJRefresh
    - Moya
    - Result
    - SnapKit
    - StreamingKit
    - SwiftyJSON

SPEC CHECKSUMS:
  Alamofire: 3ec537f71edc9804815215393ae2b1a8ea33a844
  AlamofireImage: 63cfe3baf1370be6c498149687cf6db3e3b00999
  CVCalendar: 515092247b9c5059855643c2a2220f259bd5417f
  DNSPageView: 93b0f9c9ab0e2f8c1d9aa5b0d44740bd2d775d78
  FSPagerView: 816a18842306973cc7cc6df8a5332272f7815c30
  HandyJSON: 582477127ab3ab65bd2e471815f1a7b846856978
  Kingfisher: da6b005aa96d37698e3e4f1ccfe96a5b9bbf27d6
  LTScrollView: 93fff4aed9f9545f541a99b320b27808f5307c12
  MBProgressHUD: e7baa36a220447d8aeb12769bf0585582f3866d9
  MJRefresh: 697f8ec75ebdbe9207767bb682cf0f51b0d8a41f
  Moya: cf730b3cd9e005401ef37a85143aa141a12fd38f
  Result: 7645bb3f50c2ce726dd0ff2fa7b6f42bbe6c3713
  SnapKit: a42d492c16e80209130a3379f73596c3454b7694
  StreamingKit: 70ca8608c206864b4d54a577eacb3c8bf7c72209
  SwiftyJSON: c29297daf073d2aa016295d5809cdd68045c39b3

PODFILE CHECKSUM: 63d7ba9a010f4896acf4eac74bd773b2408a02e6

COCOAPODS: 1.7.5
